{
  "name": "scout-freedomplus-monorepo",
  "lockfileVersion": 3,
  "requires": true,
  "packages": {
    "": {
      "name": "scout-freedomplus-monorepo",
      "workspaces": [
        "packages/*"
      ],
      "devDependencies": {
        "typescript": "^5.0.0"
      }
    },
    "node_modules/@scout/freedomplus-core": {
      "resolved": "packages/tokenGenerator",
      "link": true
    },
    "node_modules/jose": {
      "version": "6.0.11",
      "resolved": "https://registry.npmjs.org/jose/-/jose-6.0.11.tgz",
      "integrity": "sha512-QxG7EaliDARm1O1S8BGakqncGT9s25bKL1WSf6/oa17Tkqwi8D2ZNglqCF+DsYF88/rV66Q/Q2mFAy697E1DUg==",
      "funding": {
        "url": "https://github.com/sponsors/panva"
      }
    },
    "node_modules/typescript": {
      "version": "5.8.3",
      "resolved": "https://registry.npmjs.org/typescript/-/typescript-5.8.3.tgz",
      "integrity": "sha512-p1diW6TqL9L07nNxvRMM7hMMw4c5XOo/1ibL4aAIGmSAt9slTE1Xgw5KWuof2uTOvCg9BY7ZRi+GaF+7sfgPeQ==",
      "dev": true,
      "bin": {
        "tsc": "bin/tsc",
        "tsserver": "bin/tsserver"
      },
      "engines": {
        "node": ">=14.17"
      }
    },
    "packages/tokenGenerator": {
      "name": "@scout/freedomplus-core",
      "version": "1.0.0",
      "dependencies": {
        "jose": "^6.0.11"
      }
    }
  }
}
